
Microsoft Visual Studio Solution File, Format Version 12.00
# Visual Studio Version 16
VisualStudioVersion = 16.0.30804.86
MinimumVisualStudioVersion = 10.0.40219.1
Project("{9A19103F-16F7-4668-BE54-9A1E7A4F7556}") = "Week2", "Week2\Week2.csproj", "{59542BA7-1B6B-4412-84DD-EE439C65F798}"
EndProject
Project("{9A19103F-16F7-4668-BE54-9A1E7A4F7556}") = "Week2Donguler", "Week2Donguler\Week2Donguler.csproj", "{8F55692C-A16C-478F-A1E9-618512EDCE45}"
EndProject
Project("{9A19103F-16F7-4668-BE54-9A1E7A4F7556}") = "ClassIntro", "ClassIntro\ClassIntro.csproj", "{892F6882-12EC-4BA8-AAA5-25E93463A2ED}"
EndProject
Project("{9A19103F-16F7-4668-BE54-9A1E7A4F7556}") = "Metotlar", "Metotlar\Metotlar.csproj", "{CACB16EC-78A4-4275-9D54-73601979FA0B}"
EndProject
Project("{9A19103F-16F7-4668-BE54-9A1E7A4F7556}") = "Matematik", "Matematik\Matematik.csproj", "{65351B30-6461-4B0F-8D23-2D3138FF9911}"
EndProject
Project("{9A19103F-16F7-4668-BE54-9A1E7A4F7556}") = "DegerVeReferansTipler", "DegerVeReferansTipler\DegerVeReferansTipler.csproj", "{D664812F-0B54-468A-9A51-5C188F91442F}"
EndProject
Project("{9A19103F-16F7-4668-BE54-9A1E7A4F7556}") = "OOP1", "OOP1\OOP1.csproj", "{907128B3-3B4A-4F0B-9129-996DB9E7C147}"
EndProject
Project("{9A19103F-16F7-4668-BE54-9A1E7A4F7556}") = "Collections", "Collections\Collections.csproj", "{19525C12-4E23-4161-A445-EC031A42EA11}"
EndProject
Project("{9A19103F-16F7-4668-BE54-9A1E7A4F7556}") = "GenericsIntro", "GenericsIntro\GenericsIntro.csproj", "{EA13D792-1E9F-4814-BBA0-80B7E77C3211}"
EndProject
Project("{FAE04EC0-301F-11D3-BF4B-00C04F79EFBC}") = "Oop2", "Oop2\Oop2.csproj", "{A3DC5712-58CE-43DB-A8F6-7D00FD707CD2}"
EndProject
Project("{FAE04EC0-301F-11D3-BF4B-00C04F79EFBC}") = "OOP3", "OOP3\OOP3.csproj", "{C79C2351-E6E8-40B9-A752-61494E61F94C}"
EndProject
Global
	GlobalSection(SolutionConfigurationPlatforms) = preSolution
		Debug|Any CPU = Debug|Any CPU
		Release|Any CPU = Release|Any CPU
	EndGlobalSection
	GlobalSection(ProjectConfigurationPlatforms) = postSolution
		{59542BA7-1B6B-4412-84DD-EE439C65F798}.Debug|Any CPU.ActiveCfg = Debug|Any CPU
		{59542BA7-1B6B-4412-84DD-EE439C65F798}.Debug|Any CPU.Build.0 = Debug|Any CPU
		{59542BA7-1B6B-4412-84DD-EE439C65F798}.Release|Any CPU.ActiveCfg = Release|Any CPU
		{59542BA7-1B6B-4412-84DD-EE439C65F798}.Release|Any CPU.Build.0 = Release|Any CPU
		{8F55692C-A16C-478F-A1E9-618512EDCE45}.Debug|Any CPU.ActiveCfg = Debug|Any CPU
		{8F55692C-A16C-478F-A1E9-618512EDCE45}.Debug|Any CPU.Build.0 = Debug|Any CPU
		{8F55692C-A16C-478F-A1E9-618512EDCE45}.Release|Any CPU.ActiveCfg = Release|Any CPU
		{8F55692C-A16C-478F-A1E9-618512EDCE45}.Release|Any CPU.Build.0 = Release|Any CPU
		{892F6882-12EC-4BA8-AAA5-25E93463A2ED}.Debug|Any CPU.ActiveCfg = Debug|Any CPU
		{892F6882-12EC-4BA8-AAA5-25E93463A2ED}.Debug|Any CPU.Build.0 = Debug|Any CPU
		{892F6882-12EC-4BA8-AAA5-25E93463A2ED}.Release|Any CPU.ActiveCfg = Release|Any CPU
		{892F6882-12EC-4BA8-AAA5-25E93463A2ED}.Release|Any CPU.Build.0 = Release|Any CPU
		{CACB16EC-78A4-4275-9D54-73601979FA0B}.Debug|Any CPU.ActiveCfg = Debug|Any CPU
		{CACB16EC-78A4-4275-9D54-73601979FA0B}.Debug|Any CPU.Build.0 = Debug|Any CPU
		{CACB16EC-78A4-4275-9D54-73601979FA0B}.Release|Any CPU.ActiveCfg = Release|Any CPU
		{CACB16EC-78A4-4275-9D54-73601979FA0B}.Release|Any CPU.Build.0 = Release|Any CPU
		{65351B30-6461-4B0F-8D23-2D3138FF9911}.Debug|Any CPU.ActiveCfg = Debug|Any CPU
		{65351B30-6461-4B0F-8D23-2D3138FF9911}.Debug|Any CPU.Build.0 = Debug|Any CPU
		{65351B30-6461-4B0F-8D23-2D3138FF9911}.Release|Any CPU.ActiveCfg = Release|Any CPU
		{65351B30-6461-4B0F-8D23-2D3138FF9911}.Release|Any CPU.Build.0 = Release|Any CPU
		{D664812F-0B54-468A-9A51-5C188F91442F}.Debug|Any CPU.ActiveCfg = Debug|Any CPU
		{D664812F-0B54-468A-9A51-5C188F91442F}.Debug|Any CPU.Build.0 = Debug|Any CPU
		{D664812F-0B54-468A-9A51-5C188F91442F}.Release|Any CPU.ActiveCfg = Release|Any CPU
		{D664812F-0B54-468A-9A51-5C188F91442F}.Release|Any CPU.Build.0 = Release|Any CPU
		{907128B3-3B4A-4F0B-9129-996DB9E7C147}.Debug|Any CPU.ActiveCfg = Debug|Any CPU
		{907128B3-3B4A-4F0B-9129-996DB9E7C147}.Debug|Any CPU.Build.0 = Debug|Any CPU
		{907128B3-3B4A-4F0B-9129-996DB9E7C147}.Release|Any CPU.ActiveCfg = Release|Any CPU
		{907128B3-3B4A-4F0B-9129-996DB9E7C147}.Release|Any CPU.Build.0 = Release|Any CPU
		{19525C12-4E23-4161-A445-EC031A42EA11}.Debug|Any CPU.ActiveCfg = Debug|Any CPU
		{19525C12-4E23-4161-A445-EC031A42EA11}.Debug|Any CPU.Build.0 = Debug|Any CPU
		{19525C12-4E23-4161-A445-EC031A42EA11}.Release|Any CPU.ActiveCfg = Release|Any CPU
		{19525C12-4E23-4161-A445-EC031A42EA11}.Release|Any CPU.Build.0 = Release|Any CPU
		{EA13D792-1E9F-4814-BBA0-80B7E77C3211}.Debug|Any CPU.ActiveCfg = Debug|Any CPU
		{EA13D792-1E9F-4814-BBA0-80B7E77C3211}.Debug|Any CPU.Build.0 = Debug|Any CPU
		{EA13D792-1E9F-4814-BBA0-80B7E77C3211}.Release|Any CPU.ActiveCfg = Release|Any CPU
		{EA13D792-1E9F-4814-BBA0-80B7E77C3211}.Release|Any CPU.Build.0 = Release|Any CPU
		{A3DC5712-58CE-43DB-A8F6-7D00FD707CD2}.Debug|Any CPU.ActiveCfg = Debug|Any CPU
		{A3DC5712-58CE-43DB-A8F6-7D00FD707CD2}.Debug|Any CPU.Build.0 = Debug|Any CPU
		{A3DC5712-58CE-43DB-A8F6-7D00FD707CD2}.Release|Any CPU.ActiveCfg = Release|Any CPU
		{A3DC5712-58CE-43DB-A8F6-7D00FD707CD2}.Release|Any CPU.Build.0 = Release|Any CPU
		{C79C2351-E6E8-40B9-A752-61494E61F94C}.Debug|Any CPU.ActiveCfg = Debug|Any CPU
		{C79C2351-E6E8-40B9-A752-61494E61F94C}.Debug|Any CPU.Build.0 = Debug|Any CPU
		{C79C2351-E6E8-40B9-A752-61494E61F94C}.Release|Any CPU.ActiveCfg = Release|Any CPU
		{C79C2351-E6E8-40B9-A752-61494E61F94C}.Release|Any CPU.Build.0 = Release|Any CPU
	EndGlobalSection
	GlobalSection(SolutionProperties) = preSolution
		HideSolutionNode = FALSE
	EndGlobalSection
	GlobalSection(ExtensibilityGlobals) = postSolution
		SolutionGuid = {172D5370-3954-4679-B11E-D0B1F7B5C2DF}
	EndGlobalSection
EndGlobal
